
Microsoft Visual Studio Solution File, Format Version 12.00
# Visual Studio 2013
VisualStudioVersion = 12.0.21005.1
MinimumVisualStudioVersion = 10.0.40219.1
Project("{FAE04EC0-301F-11D3-BF4B-00C04F79EFBC}") = "Indexes.BPlusTree", "Indexes.BPlusTree\Indexes.BPlusTree.csproj", "{BFD3B715-7873-4F29-AE66-C83949D3157E}"
EndProject
Project("{FAE04EC0-301F-11D3-BF4B-00C04F79EFBC}") = "Indexes.BPlusTree.UnitTests", "Indexes.BPlusTree.UnitTests\Indexes.BPlusTree.UnitTests.csproj", "{3F892454-055D-49B0-9DEA-95E0C615B253}"
EndProject
Project("{2150E333-8FDC-42A3-9474-1A3956D46DE8}") = "BPlusTree", "BPlusTree", "{EADCEC06-CF44-4A73-9DD6-AFCDF0C4F748}"
EndProject
Global
	GlobalSection(SolutionConfigurationPlatforms) = preSolution
		Debug|Any CPU = Debug|Any CPU
		Release|Any CPU = Release|Any CPU
	EndGlobalSection
	GlobalSection(ProjectConfigurationPlatforms) = postSolution
		{BFD3B715-7873-4F29-AE66-C83949D3157E}.Debug|Any CPU.ActiveCfg = Debug|Any CPU
		{BFD3B715-7873-4F29-AE66-C83949D3157E}.Debug|Any CPU.Build.0 = Debug|Any CPU
		{BFD3B715-7873-4F29-AE66-C83949D3157E}.Release|Any CPU.ActiveCfg = Release|Any CPU
		{BFD3B715-7873-4F29-AE66-C83949D3157E}.Release|Any CPU.Build.0 = Release|Any CPU
		{3F892454-055D-49B0-9DEA-95E0C615B253}.Debug|Any CPU.ActiveCfg = Debug|Any CPU
		{3F892454-055D-49B0-9DEA-95E0C615B253}.Debug|Any CPU.Build.0 = Debug|Any CPU
		{3F892454-055D-49B0-9DEA-95E0C615B253}.Release|Any CPU.ActiveCfg = Release|Any CPU
		{3F892454-055D-49B0-9DEA-95E0C615B253}.Release|Any CPU.Build.0 = Release|Any CPU
	EndGlobalSection
	GlobalSection(SolutionProperties) = preSolution
		HideSolutionNode = FALSE
	EndGlobalSection
	GlobalSection(NestedProjects) = preSolution
		{BFD3B715-7873-4F29-AE66-C83949D3157E} = {EADCEC06-CF44-4A73-9DD6-AFCDF0C4F748}
		{3F892454-055D-49B0-9DEA-95E0C615B253} = {EADCEC06-CF44-4A73-9DD6-AFCDF0C4F748}
	EndGlobalSection
EndGlobal
